
Microsoft Visual Studio Solution File, Format Version 12.00
# Visual Studio Version 17
VisualStudioVersion = 17.5.33516.290
MinimumVisualStudioVersion = 10.0.40219.1
Project("{888888A0-9F3D-457C-B088-3A5042F75D52}") = "scheduleAlgo", "scheduleAlgo\scheduleAlgo.pyproj", "{E94C5B54-55E7-4E21-936C-E425AACB50B1}"
EndProject
Global
	GlobalSection(SolutionConfigurationPlatforms) = preSolution
		Debug|Any CPU = Debug|Any CPU
		Release|Any CPU = Release|Any CPU
	EndGlobalSection
	GlobalSection(ProjectConfigurationPlatforms) = postSolution
		{E94C5B54-55E7-4E21-936C-E425AACB50B1}.Debug|Any CPU.ActiveCfg = Debug|Any CPU
		{E94C5B54-55E7-4E21-936C-E425AACB50B1}.Release|Any CPU.ActiveCfg = Release|Any CPU
	EndGlobalSection
	GlobalSection(SolutionProperties) = preSolution
		HideSolutionNode = FALSE
	EndGlobalSection
	GlobalSection(ExtensibilityGlobals) = postSolution
		SolutionGuid = {DD72A7D1-EC4B-451D-82AC-4C372EBDD1EF}
	EndGlobalSection
EndGlobal
